
Microsoft Visual Studio Solution File, Format Version 12.00
# Visual Studio Version 17
VisualStudioVersion = 17.4.33122.133
MinimumVisualStudioVersion = 10.0.40219.1
Project("{FAE04EC0-301F-11D3-BF4B-00C04F79EFBC}") = "ConsoleCalculatorApp", "ConsoleCalculatorApp\ConsoleCalculatorApp.csproj", "{468D4884-E733-4472-BA7E-1615F7361899}"
EndProject
Global
	GlobalSection(SolutionConfigurationPlatforms) = preSolution
		Debug|Any CPU = Debug|Any CPU
		Release|Any CPU = Release|Any CPU
	EndGlobalSection
	GlobalSection(ProjectConfigurationPlatforms) = postSolution
		{468D4884-E733-4472-BA7E-1615F7361899}.Debug|Any CPU.ActiveCfg = Debug|Any CPU
		{468D4884-E733-4472-BA7E-1615F7361899}.Debug|Any CPU.Build.0 = Debug|Any CPU
		{468D4884-E733-4472-BA7E-1615F7361899}.Release|Any CPU.ActiveCfg = Release|Any CPU
		{468D4884-E733-4472-BA7E-1615F7361899}.Release|Any CPU.Build.0 = Release|Any CPU
	EndGlobalSection
	GlobalSection(SolutionProperties) = preSolution
		HideSolutionNode = FALSE
	EndGlobalSection
	GlobalSection(ExtensibilityGlobals) = postSolution
		SolutionGuid = {B8F3800E-4DBD-4F20-8F55-4E18A139A898}
	EndGlobalSection
EndGlobal
